
Microsoft Visual Studio Solution File, Format Version 12.00
# Visual Studio 14
VisualStudioVersion = 14.0.24720.0
MinimumVisualStudioVersion = 10.0.40219.1
Project("{8BC9CEB8-8B4A-11D0-8D11-00A0C91BC942}") = "console_example", "console_example\console_example.vcxproj", "{0EBBAF31-43E2-4D52-8B25-2538EC2A9FCE}"
EndProject
Project("{8BC9CEB8-8B4A-11D0-8D11-00A0C91BC942}") = "fundamental_types", "fundamental_types\fundamental_types.vcxproj", "{D544E778-C362-4FD7-9D1C-F5ABA54E3B37}"
EndProject
Project("{8BC9CEB8-8B4A-11D0-8D11-00A0C91BC942}") = "classes", "classes\classes.vcxproj", "{299F1861-F848-4EC7-ABFA-AC6A4D2C939E}"
EndProject
Global
	GlobalSection(SolutionConfigurationPlatforms) = preSolution
		Debug|x64 = Debug|x64
		Debug|x86 = Debug|x86
		Release|x64 = Release|x64
		Release|x86 = Release|x86
	EndGlobalSection
	GlobalSection(ProjectConfigurationPlatforms) = postSolution
		{0EBBAF31-43E2-4D52-8B25-2538EC2A9FCE}.Debug|x64.ActiveCfg = Debug|x64
		{0EBBAF31-43E2-4D52-8B25-2538EC2A9FCE}.Debug|x64.Build.0 = Debug|x64
		{0EBBAF31-43E2-4D52-8B25-2538EC2A9FCE}.Debug|x86.ActiveCfg = Debug|Win32
		{0EBBAF31-43E2-4D52-8B25-2538EC2A9FCE}.Debug|x86.Build.0 = Debug|Win32
		{0EBBAF31-43E2-4D52-8B25-2538EC2A9FCE}.Release|x64.ActiveCfg = Release|x64
		{0EBBAF31-43E2-4D52-8B25-2538EC2A9FCE}.Release|x64.Build.0 = Release|x64
		{0EBBAF31-43E2-4D52-8B25-2538EC2A9FCE}.Release|x86.ActiveCfg = Release|Win32
		{0EBBAF31-43E2-4D52-8B25-2538EC2A9FCE}.Release|x86.Build.0 = Release|Win32
		{D544E778-C362-4FD7-9D1C-F5ABA54E3B37}.Debug|x64.ActiveCfg = Debug|x64
		{D544E778-C362-4FD7-9D1C-F5ABA54E3B37}.Debug|x64.Build.0 = Debug|x64
		{D544E778-C362-4FD7-9D1C-F5ABA54E3B37}.Debug|x86.ActiveCfg = Debug|Win32
		{D544E778-C362-4FD7-9D1C-F5ABA54E3B37}.Debug|x86.Build.0 = Debug|Win32
		{D544E778-C362-4FD7-9D1C-F5ABA54E3B37}.Release|x64.ActiveCfg = Release|x64
		{D544E778-C362-4FD7-9D1C-F5ABA54E3B37}.Release|x64.Build.0 = Release|x64
		{D544E778-C362-4FD7-9D1C-F5ABA54E3B37}.Release|x86.ActiveCfg = Release|Win32
		{D544E778-C362-4FD7-9D1C-F5ABA54E3B37}.Release|x86.Build.0 = Release|Win32
		{299F1861-F848-4EC7-ABFA-AC6A4D2C939E}.Debug|x64.ActiveCfg = Debug|x64
		{299F1861-F848-4EC7-ABFA-AC6A4D2C939E}.Debug|x64.Build.0 = Debug|x64
		{299F1861-F848-4EC7-ABFA-AC6A4D2C939E}.Debug|x86.ActiveCfg = Debug|Win32
		{299F1861-F848-4EC7-ABFA-AC6A4D2C939E}.Debug|x86.Build.0 = Debug|Win32
		{299F1861-F848-4EC7-ABFA-AC6A4D2C939E}.Release|x64.ActiveCfg = Release|x64
		{299F1861-F848-4EC7-ABFA-AC6A4D2C939E}.Release|x64.Build.0 = Release|x64
		{299F1861-F848-4EC7-ABFA-AC6A4D2C939E}.Release|x86.ActiveCfg = Release|Win32
		{299F1861-F848-4EC7-ABFA-AC6A4D2C939E}.Release|x86.Build.0 = Release|Win32
	EndGlobalSection
	GlobalSection(SolutionProperties) = preSolution
		HideSolutionNode = FALSE
	EndGlobalSection
EndGlobal
